
Microsoft Visual Studio Solution File, Format Version 12.00
# Visual Studio Version 16
VisualStudioVersion = 16.0.29613.14
MinimumVisualStudioVersion = 10.0.40219.1
Project("{FAE04EC0-301F-11D3-BF4B-00C04F79EFBC}") = "WorkerService", "WorkerService\WorkerService.csproj", "{1B937BD1-E0A7-4DB2-92AA-845B0C982BCC}"
EndProject
Project("{FAE04EC0-301F-11D3-BF4B-00C04F79EFBC}") = "MonitorAPI", "MonitorAPI\MonitorAPI.csproj", "{316061C8-5ED9-49F8-B15E-43780D2C9DC5}"
EndProject
Project("{FAE04EC0-301F-11D3-BF4B-00C04F79EFBC}") = "UtilityLib", "UtilityLib\UtilityLib.csproj", "{A8B5031F-C85F-40DA-B322-F5C16A7C790C}"
EndProject
Project("{E53339B2-1760-4266-BCC7-CA923CBCF16C}") = "docker-compose", "docker-compose.dcproj", "{775EC733-5A33-42A9-8EBB-1552DA49ACAA}"
EndProject
Project("{FAE04EC0-301F-11D3-BF4B-00C04F79EFBC}") = "AdminWeb", "AdminWeb\AdminWeb.csproj", "{89A8716C-42AB-44BF-B04F-B1B06355F589}"
EndProject
Global
	GlobalSection(SolutionConfigurationPlatforms) = preSolution
		Debug|Any CPU = Debug|Any CPU
		Release|Any CPU = Release|Any CPU
	EndGlobalSection
	GlobalSection(ProjectConfigurationPlatforms) = postSolution
		{1B937BD1-E0A7-4DB2-92AA-845B0C982BCC}.Debug|Any CPU.ActiveCfg = Debug|Any CPU
		{1B937BD1-E0A7-4DB2-92AA-845B0C982BCC}.Debug|Any CPU.Build.0 = Debug|Any CPU
		{1B937BD1-E0A7-4DB2-92AA-845B0C982BCC}.Release|Any CPU.ActiveCfg = Release|Any CPU
		{1B937BD1-E0A7-4DB2-92AA-845B0C982BCC}.Release|Any CPU.Build.0 = Release|Any CPU
		{316061C8-5ED9-49F8-B15E-43780D2C9DC5}.Debug|Any CPU.ActiveCfg = Debug|Any CPU
		{316061C8-5ED9-49F8-B15E-43780D2C9DC5}.Debug|Any CPU.Build.0 = Debug|Any CPU
		{316061C8-5ED9-49F8-B15E-43780D2C9DC5}.Release|Any CPU.ActiveCfg = Release|Any CPU
		{316061C8-5ED9-49F8-B15E-43780D2C9DC5}.Release|Any CPU.Build.0 = Release|Any CPU
		{A8B5031F-C85F-40DA-B322-F5C16A7C790C}.Debug|Any CPU.ActiveCfg = Debug|Any CPU
		{A8B5031F-C85F-40DA-B322-F5C16A7C790C}.Debug|Any CPU.Build.0 = Debug|Any CPU
		{A8B5031F-C85F-40DA-B322-F5C16A7C790C}.Release|Any CPU.ActiveCfg = Release|Any CPU
		{A8B5031F-C85F-40DA-B322-F5C16A7C790C}.Release|Any CPU.Build.0 = Release|Any CPU
		{775EC733-5A33-42A9-8EBB-1552DA49ACAA}.Debug|Any CPU.ActiveCfg = Debug|Any CPU
		{775EC733-5A33-42A9-8EBB-1552DA49ACAA}.Debug|Any CPU.Build.0 = Debug|Any CPU
		{775EC733-5A33-42A9-8EBB-1552DA49ACAA}.Release|Any CPU.ActiveCfg = Release|Any CPU
		{775EC733-5A33-42A9-8EBB-1552DA49ACAA}.Release|Any CPU.Build.0 = Release|Any CPU
		{89A8716C-42AB-44BF-B04F-B1B06355F589}.Debug|Any CPU.ActiveCfg = Debug|Any CPU
		{89A8716C-42AB-44BF-B04F-B1B06355F589}.Debug|Any CPU.Build.0 = Debug|Any CPU
		{89A8716C-42AB-44BF-B04F-B1B06355F589}.Release|Any CPU.ActiveCfg = Release|Any CPU
		{89A8716C-42AB-44BF-B04F-B1B06355F589}.Release|Any CPU.Build.0 = Release|Any CPU
	EndGlobalSection
	GlobalSection(SolutionProperties) = preSolution
		HideSolutionNode = FALSE
	EndGlobalSection
	GlobalSection(ExtensibilityGlobals) = postSolution
		SolutionGuid = {89A49DCC-D9E1-4219-830C-28A66D10C430}
	EndGlobalSection
EndGlobal
